
Microsoft Visual Studio Solution File, Format Version 12.00
# Visual Studio Version 17
VisualStudioVersion = 17.8.34408.163
MinimumVisualStudioVersion = 10.0.40219.1
Project("{FAE04EC0-301F-11D3-BF4B-00C04F79EFBC}") = "asm", "asm.csproj", "{AC6CDED8-6BBD-4FF0-A534-C05B7B22E958}"
EndProject
Global
	GlobalSection(SolutionConfigurationPlatforms) = preSolution
		Debug|Any CPU = Debug|Any CPU
		Release|Any CPU = Release|Any CPU
	EndGlobalSection
	GlobalSection(ProjectConfigurationPlatforms) = postSolution
		{AC6CDED8-6BBD-4FF0-A534-C05B7B22E958}.Debug|Any CPU.ActiveCfg = Debug|Any CPU
		{AC6CDED8-6BBD-4FF0-A534-C05B7B22E958}.Debug|Any CPU.Build.0 = Debug|Any CPU
		{AC6CDED8-6BBD-4FF0-A534-C05B7B22E958}.Release|Any CPU.ActiveCfg = Release|Any CPU
		{AC6CDED8-6BBD-4FF0-A534-C05B7B22E958}.Release|Any CPU.Build.0 = Release|Any CPU
	EndGlobalSection
	GlobalSection(SolutionProperties) = preSolution
		HideSolutionNode = FALSE
	EndGlobalSection
	GlobalSection(ExtensibilityGlobals) = postSolution
		SolutionGuid = {D6D16724-5067-4D89-9BD5-34F55459E412}
	EndGlobalSection
EndGlobal
